
Microsoft Visual Studio Solution File, Format Version 12.00
# Visual Studio Version 16
VisualStudioVersion = 16.0.810.25
MinimumVisualStudioVersion = 10.0.40219.1
Project("{FAE04EC0-301F-11D3-BF4B-00C04F79EFBC}") = "unityweb", "unityweb\unityweb.csproj", "{A82DE146-2D7D-4452-9A5B-6392C2D12AC1}"
EndProject
Global
	GlobalSection(SolutionConfigurationPlatforms) = preSolution
		Debug|Any CPU = Debug|Any CPU
		Release|Any CPU = Release|Any CPU
	EndGlobalSection
	GlobalSection(ProjectConfigurationPlatforms) = postSolution
		{A82DE146-2D7D-4452-9A5B-6392C2D12AC1}.Debug|Any CPU.ActiveCfg = Debug|Any CPU
		{A82DE146-2D7D-4452-9A5B-6392C2D12AC1}.Debug|Any CPU.Build.0 = Debug|Any CPU
		{A82DE146-2D7D-4452-9A5B-6392C2D12AC1}.Release|Any CPU.ActiveCfg = Release|Any CPU
		{A82DE146-2D7D-4452-9A5B-6392C2D12AC1}.Release|Any CPU.Build.0 = Release|Any CPU
	EndGlobalSection
	GlobalSection(SolutionProperties) = preSolution
		HideSolutionNode = FALSE
	EndGlobalSection
	GlobalSection(ExtensibilityGlobals) = postSolution
		SolutionGuid = {F5F834DD-66E9-4856-BFAE-6775632B2861}
	EndGlobalSection
EndGlobal
